
Microsoft Visual Studio Solution File, Format Version 12.00
# Visual Studio 2013
VisualStudioVersion = 12.0.30110.0
MinimumVisualStudioVersion = 10.0.40219.1
Project("{FAE04EC0-301F-11D3-BF4B-00C04F79EFBC}") = "HttpObjectCaching", "HttpObjectCaching\HttpObjectCaching.csproj", "{F892DF2D-7A09-481B-B872-738B5AF15CB5}"
EndProject
Project("{2150E333-8FDC-42A3-9474-1A3956D46DE8}") = ".nuget", ".nuget", "{D6CD63B8-59B0-46D9-AD0A-1EB41EDC433D}"
	ProjectSection(SolutionItems) = preProject
		.nuget\NuGet.Config = .nuget\NuGet.Config
		.nuget\NuGet.exe = .nuget\NuGet.exe
		.nuget\NuGet.targets = .nuget\NuGet.targets
	EndProjectSection
EndProject
Project("{FAE04EC0-301F-11D3-BF4B-00C04F79EFBC}") = "DatabaseCaching", "DatabaseCaching\DatabaseCaching.csproj", "{9CE976BF-B253-4F35-9C5D-CDDAD75F85DB}"
EndProject
Project("{FAE04EC0-301F-11D3-BF4B-00C04F79EFBC}") = "XmlCaching", "XmlCaching\XmlCaching.csproj", "{4C934A9F-65DF-4B5F-88F5-C0B25F698416}"
EndProject
Global
	GlobalSection(SolutionConfigurationPlatforms) = preSolution
		3.5|Any CPU = 3.5|Any CPU
		Debug 4.0|Any CPU = Debug 4.0|Any CPU
		Debug 4.5|Any CPU = Debug 4.5|Any CPU
		Debug|Any CPU = Debug|Any CPU
		Release|Any CPU = Release|Any CPU
	EndGlobalSection
	GlobalSection(ProjectConfigurationPlatforms) = postSolution
		{F892DF2D-7A09-481B-B872-738B5AF15CB5}.3.5|Any CPU.ActiveCfg = 3.5|Any CPU
		{F892DF2D-7A09-481B-B872-738B5AF15CB5}.3.5|Any CPU.Build.0 = 3.5|Any CPU
		{F892DF2D-7A09-481B-B872-738B5AF15CB5}.Debug 4.0|Any CPU.ActiveCfg = Debug 4.0|Any CPU
		{F892DF2D-7A09-481B-B872-738B5AF15CB5}.Debug 4.0|Any CPU.Build.0 = Debug 4.0|Any CPU
		{F892DF2D-7A09-481B-B872-738B5AF15CB5}.Debug 4.5|Any CPU.ActiveCfg = Debug 4.5|Any CPU
		{F892DF2D-7A09-481B-B872-738B5AF15CB5}.Debug 4.5|Any CPU.Build.0 = Debug 4.5|Any CPU
		{F892DF2D-7A09-481B-B872-738B5AF15CB5}.Debug|Any CPU.ActiveCfg = Debug|Any CPU
		{F892DF2D-7A09-481B-B872-738B5AF15CB5}.Debug|Any CPU.Build.0 = Debug|Any CPU
		{F892DF2D-7A09-481B-B872-738B5AF15CB5}.Release|Any CPU.ActiveCfg = Release|Any CPU
		{F892DF2D-7A09-481B-B872-738B5AF15CB5}.Release|Any CPU.Build.0 = Release|Any CPU
		{9CE976BF-B253-4F35-9C5D-CDDAD75F85DB}.3.5|Any CPU.ActiveCfg = Release|Any CPU
		{9CE976BF-B253-4F35-9C5D-CDDAD75F85DB}.3.5|Any CPU.Build.0 = Release|Any CPU
		{9CE976BF-B253-4F35-9C5D-CDDAD75F85DB}.Debug 4.0|Any CPU.ActiveCfg = Debug|Any CPU
		{9CE976BF-B253-4F35-9C5D-CDDAD75F85DB}.Debug 4.0|Any CPU.Build.0 = Debug|Any CPU
		{9CE976BF-B253-4F35-9C5D-CDDAD75F85DB}.Debug 4.5|Any CPU.ActiveCfg = Debug|Any CPU
		{9CE976BF-B253-4F35-9C5D-CDDAD75F85DB}.Debug 4.5|Any CPU.Build.0 = Debug|Any CPU
		{9CE976BF-B253-4F35-9C5D-CDDAD75F85DB}.Debug|Any CPU.ActiveCfg = Debug|Any CPU
		{9CE976BF-B253-4F35-9C5D-CDDAD75F85DB}.Debug|Any CPU.Build.0 = Debug|Any CPU
		{9CE976BF-B253-4F35-9C5D-CDDAD75F85DB}.Release|Any CPU.ActiveCfg = Release|Any CPU
		{9CE976BF-B253-4F35-9C5D-CDDAD75F85DB}.Release|Any CPU.Build.0 = Release|Any CPU
		{4C934A9F-65DF-4B5F-88F5-C0B25F698416}.3.5|Any CPU.ActiveCfg = Release|Any CPU
		{4C934A9F-65DF-4B5F-88F5-C0B25F698416}.3.5|Any CPU.Build.0 = Release|Any CPU
		{4C934A9F-65DF-4B5F-88F5-C0B25F698416}.Debug 4.0|Any CPU.ActiveCfg = Debug|Any CPU
		{4C934A9F-65DF-4B5F-88F5-C0B25F698416}.Debug 4.0|Any CPU.Build.0 = Debug|Any CPU
		{4C934A9F-65DF-4B5F-88F5-C0B25F698416}.Debug 4.5|Any CPU.ActiveCfg = Debug|Any CPU
		{4C934A9F-65DF-4B5F-88F5-C0B25F698416}.Debug 4.5|Any CPU.Build.0 = Debug|Any CPU
		{4C934A9F-65DF-4B5F-88F5-C0B25F698416}.Debug|Any CPU.ActiveCfg = Debug|Any CPU
		{4C934A9F-65DF-4B5F-88F5-C0B25F698416}.Debug|Any CPU.Build.0 = Debug|Any CPU
		{4C934A9F-65DF-4B5F-88F5-C0B25F698416}.Release|Any CPU.ActiveCfg = Release|Any CPU
		{4C934A9F-65DF-4B5F-88F5-C0B25F698416}.Release|Any CPU.Build.0 = Release|Any CPU
	EndGlobalSection
	GlobalSection(SolutionProperties) = preSolution
		HideSolutionNode = FALSE
	EndGlobalSection
EndGlobal
